
Microsoft Visual Studio Solution File, Format Version 12.00
# Visual Studio Version 16
VisualStudioVersion = 16.0.30225.117
MinimumVisualStudioVersion = 10.0.40219.1
Project("{2150E333-8FDC-42A3-9474-1A3956D46DE8}") = "src", "src", "{058E8BFE-C5AD-4F50-BD09-EFACFEE801AB}"
EndProject
Project("{2150E333-8FDC-42A3-9474-1A3956D46DE8}") = "Services", "Services", "{DD6E65A0-E7F6-4399-87C8-76ED5A0B156F}"
EndProject
Project("{2150E333-8FDC-42A3-9474-1A3956D46DE8}") = "Common", "Common", "{C84A2438-D489-4828-A7B4-F41D6010E58F}"
EndProject
Project("{9A19103F-16F7-4668-BE54-9A1E7A4F7556}") = "eFood.Common", "src\Common\eFood.Common\eFood.Common.csproj", "{86E8C663-0ADD-44C6-8F2A-C330C154E4AD}"
EndProject
Project("{2150E333-8FDC-42A3-9474-1A3956D46DE8}") = "Basket", "Basket", "{DB9E9BE1-5DA4-403E-97CB-FDCC22B2D21D}"
EndProject
Project("{2150E333-8FDC-42A3-9474-1A3956D46DE8}") = "Catalog", "Catalog", "{C9E9D318-6251-4713-9549-0C903BDB40D2}"
EndProject
Project("{9A19103F-16F7-4668-BE54-9A1E7A4F7556}") = "eFood.Catalog.WebApi", "src\Services\Catalog\eFood.Catalog.WebApi\eFood.Catalog.WebApi.csproj", "{295FE77B-4023-4B89-B56B-5ABB8D09F502}"
EndProject
Project("{FAE04EC0-301F-11D3-BF4B-00C04F79EFBC}") = "eFood.Basket.WebApi", "src\Services\Basket\eFood.Basket.WebApi\eFood.Basket.WebApi.csproj", "{D2130DBB-FEB0-4497-986E-381F7A250F85}"
EndProject
Global
	GlobalSection(SolutionConfigurationPlatforms) = preSolution
		Debug|Any CPU = Debug|Any CPU
		Release|Any CPU = Release|Any CPU
	EndGlobalSection
	GlobalSection(ProjectConfigurationPlatforms) = postSolution
		{86E8C663-0ADD-44C6-8F2A-C330C154E4AD}.Debug|Any CPU.ActiveCfg = Debug|Any CPU
		{86E8C663-0ADD-44C6-8F2A-C330C154E4AD}.Debug|Any CPU.Build.0 = Debug|Any CPU
		{86E8C663-0ADD-44C6-8F2A-C330C154E4AD}.Release|Any CPU.ActiveCfg = Release|Any CPU
		{86E8C663-0ADD-44C6-8F2A-C330C154E4AD}.Release|Any CPU.Build.0 = Release|Any CPU
		{295FE77B-4023-4B89-B56B-5ABB8D09F502}.Debug|Any CPU.ActiveCfg = Debug|Any CPU
		{295FE77B-4023-4B89-B56B-5ABB8D09F502}.Debug|Any CPU.Build.0 = Debug|Any CPU
		{295FE77B-4023-4B89-B56B-5ABB8D09F502}.Release|Any CPU.ActiveCfg = Release|Any CPU
		{295FE77B-4023-4B89-B56B-5ABB8D09F502}.Release|Any CPU.Build.0 = Release|Any CPU
		{D2130DBB-FEB0-4497-986E-381F7A250F85}.Debug|Any CPU.ActiveCfg = Debug|Any CPU
		{D2130DBB-FEB0-4497-986E-381F7A250F85}.Debug|Any CPU.Build.0 = Debug|Any CPU
		{D2130DBB-FEB0-4497-986E-381F7A250F85}.Release|Any CPU.ActiveCfg = Release|Any CPU
		{D2130DBB-FEB0-4497-986E-381F7A250F85}.Release|Any CPU.Build.0 = Release|Any CPU
	EndGlobalSection
	GlobalSection(SolutionProperties) = preSolution
		HideSolutionNode = FALSE
	EndGlobalSection
	GlobalSection(NestedProjects) = preSolution
		{DD6E65A0-E7F6-4399-87C8-76ED5A0B156F} = {058E8BFE-C5AD-4F50-BD09-EFACFEE801AB}
		{C84A2438-D489-4828-A7B4-F41D6010E58F} = {058E8BFE-C5AD-4F50-BD09-EFACFEE801AB}
		{86E8C663-0ADD-44C6-8F2A-C330C154E4AD} = {C84A2438-D489-4828-A7B4-F41D6010E58F}
		{DB9E9BE1-5DA4-403E-97CB-FDCC22B2D21D} = {DD6E65A0-E7F6-4399-87C8-76ED5A0B156F}
		{C9E9D318-6251-4713-9549-0C903BDB40D2} = {DD6E65A0-E7F6-4399-87C8-76ED5A0B156F}
		{295FE77B-4023-4B89-B56B-5ABB8D09F502} = {C9E9D318-6251-4713-9549-0C903BDB40D2}
		{D2130DBB-FEB0-4497-986E-381F7A250F85} = {DB9E9BE1-5DA4-403E-97CB-FDCC22B2D21D}
	EndGlobalSection
	GlobalSection(ExtensibilityGlobals) = postSolution
		SolutionGuid = {DA7F31F8-CC2E-4CCF-B184-E51B29BA8B36}
	EndGlobalSection
EndGlobal
